// !$*UTF8*$!
{
	archiveVersion = 1;
	classes = {
	};
	objectVersion = 56;
	objects = {

/* Begin PBXBuildFile section */
		241F22432B03A7AC0051BFFE /* SimpleTodoWithSwiftDataApp.swift in Sources */ = {isa = PBXBuildFile; fileRef = 241F22422B03A7AC0051BFFE /* SimpleTodoWithSwiftDataApp.swift */; };
		241F22452B03A7AC0051BFFE /* TodoListView.swift in Sources */ = {isa = PBXBuildFile; fileRef = 241F22442B03A7AC0051BFFE /* TodoListView.swift */; };
		241F22472B03A7AE0051BFFE /* Assets.xcassets in Resources */ = {isa = PBXBuildFile; fileRef = 241F22462B03A7AE0051BFFE /* Assets.xcassets */; };
		241F224A2B03A7AE0051BFFE /* Preview Assets.xcassets in Resources */ = {isa = PBXBuildFile; fileRef = 241F22492B03A7AE0051BFFE /* Preview Assets.xcassets */; };
		241F22542B03A7AF0051BFFE /* SimpleTodoWithSwiftDataTests.swift in Sources */ = {isa = PBXBuildFile; fileRef = 241F22532B03A7AF0051BFFE /* SimpleTodoWithSwiftDataTests.swift */; };
		241F225E2B03A7AF0051BFFE /* SimpleTodoWithSwiftDataUITests.swift in Sources */ = {isa = PBXBuildFile; fileRef = 241F225D2B03A7AF0051BFFE /* SimpleTodoWithSwiftDataUITests.swift */; };
		241F22602B03A7AF0051BFFE /* SimpleTodoWithSwiftDataUITestsLaunchTests.swift in Sources */ = {isa = PBXBuildFile; fileRef = 241F225F2B03A7AF0051BFFE /* SimpleTodoWithSwiftDataUITestsLaunchTests.swift */; };
		241F226D2B03A8780051BFFE /* Todo.swift in Sources */ = {isa = PBXBuildFile; fileRef = 241F226C2B03A8780051BFFE /* Todo.swift */; };
		241F22732B08BE9E0051BFFE /* AppTabView.swift in Sources */ = {isa = PBXBuildFile; fileRef = 241F22722B08BE9E0051BFFE /* AppTabView.swift */; };
		241F22752B08BED80051BFFE /* CategoryView.swift in Sources */ = {isa = PBXBuildFile; fileRef = 241F22742B08BED80051BFFE /* CategoryView.swift */; };
/* End PBXBuildFile section */

/* Begin PBXContainerItemProxy section */
		241F22502B03A7AF0051BFFE /* PBXContainerItemProxy */ = {
			isa = PBXContainerItemProxy;
			containerPortal = 241F22372B03A7AC0051BFFE /* Project object */;
			proxyType = 1;
			remoteGlobalIDString = 241F223E2B03A7AC0051BFFE;
			remoteInfo = SimpleTodoWithSwiftData;
		};
		241F225A2B03A7AF0051BFFE /* PBXContainerItemProxy */ = {
			isa = PBXContainerItemProxy;
			containerPortal = 241F22372B03A7AC0051BFFE /* Project object */;
			proxyType = 1;
			remoteGlobalIDString = 241F223E2B03A7AC0051BFFE;
			remoteInfo = SimpleTodoWithSwiftData;
		};
/* End PBXContainerItemProxy section */

/* Begin PBXFileReference section */
		241F223F2B03A7AC0051BFFE /* SimpleTodoWithSwiftData.app */ = {isa = PBXFileReference; explicitFileType = wrapper.application; includeInIndex = 0; path = SimpleTodoWithSwiftData.app; sourceTree = BUILT_PRODUCTS_DIR; };
		241F22422B03A7AC0051BFFE /* SimpleTodoWithSwiftDataApp.swift */ = {isa = PBXFileReference; lastKnownFileType = sourcecode.swift; path = SimpleTodoWithSwiftDataApp.swift; sourceTree = "<group>"; };
		241F22442B03A7AC0051BFFE /* TodoListView.swift */ = {isa = PBXFileReference; lastKnownFileType = sourcecode.swift; path = TodoListView.swift; sourceTree = "<group>"; };
		241F22462B03A7AE0051BFFE /* Assets.xcassets */ = {isa = PBXFileReference; lastKnownFileType = folder.assetcatalog; path = Assets.xcassets; sourceTree = "<group>"; };
		241F22492B03A7AE0051BFFE /* Preview Assets.xcassets */ = {isa = PBXFileReference; lastKnownFileType = folder.assetcatalog; path = "Preview Assets.xcassets"; sourceTree = "<group>"; };
		241F224F2B03A7AF0051BFFE /* SimpleTodoWithSwiftDataTests.xctest */ = {isa = PBXFileReference; explicitFileType = wrapper.cfbundle; includeInIndex = 0; path = SimpleTodoWithSwiftDataTests.xctest; sourceTree = BUILT_PRODUCTS_DIR; };
		241F22532B03A7AF0051BFFE /* SimpleTodoWithSwiftDataTests.swift */ = {isa = PBXFileReference; lastKnownFileType = sourcecode.swift; path = SimpleTodoWithSwiftDataTests.swift; sourceTree = "<group>"; };
		241F22592B03A7AF0051BFFE /* SimpleTodoWithSwiftDataUITests.xctest */ = {isa = PBXFileReference; explicitFileType = wrapper.cfbundle; includeInIndex = 0; path = SimpleTodoWithSwiftDataUITests.xctest; sourceTree = BUILT_PRODUCTS_DIR; };
		241F225D2B03A7AF0051BFFE /* SimpleTodoWithSwiftDataUITests.swift */ = {isa = PBXFileReference; lastKnownFileType = sourcecode.swift; path = SimpleTodoWithSwiftDataUITests.swift; sourceTree = "<group>"; };
		241F225F2B03A7AF0051BFFE /* SimpleTodoWithSwiftDataUITestsLaunchTests.swift */ = {isa = PBXFileReference; lastKnownFileType = sourcecode.swift; path = SimpleTodoWithSwiftDataUITestsLaunchTests.swift; sourceTree = "<group>"; };
		241F226C2B03A8780051BFFE /* Todo.swift */ = {isa = PBXFileReference; lastKnownFileType = sourcecode.swift; path = Todo.swift; sourceTree = "<group>"; };
		241F22722B08BE9E0051BFFE /* AppTabView.swift */ = {isa = PBXFileReference; lastKnownFileType = sourcecode.swift; path = AppTabView.swift; sourceTree = "<group>"; };
		241F22742B08BED80051BFFE /* CategoryView.swift */ = {isa = PBXFileReference; lastKnownFileType = sourcecode.swift; path = CategoryView.swift; sourceTree = "<group>"; };
/* End PBXFileReference section */

/* Begin PBXFrameworksBuildPhase section */
		241F223C2B03A7AC0051BFFE /* Frameworks */ = {
			isa = PBXFrameworksBuildPhase;
			buildActionMask = 2147483647;
			files = (
			);
			runOnlyForDeploymentPostprocessing = 0;
		};
		241F224C2B03A7AF0051BFFE /* Frameworks */ = {
			isa = PBXFrameworksBuildPhase;
			buildActionMask = 2147483647;
			files = (
			);
			runOnlyForDeploymentPostprocessing = 0;
		};
		241F22562B03A7AF0051BFFE /* Frameworks */ = {
			isa = PBXFrameworksBuildPhase;
			buildActionMask = 2147483647;
			files = (
			);
			runOnlyForDeploymentPostprocessing = 0;
		};
/* End PBXFrameworksBuildPhase section */

/* Begin PBXGroup section */
		241F22362B03A7AC0051BFFE = {
			isa = PBXGroup;
			children = (
				241F22412B03A7AC0051BFFE /* SimpleTodoWithSwiftData */,
				241F22522B03A7AF0051BFFE /* SimpleTodoWithSwiftDataTests */,
				241F225C2B03A7AF0051BFFE /* SimpleTodoWithSwiftDataUITests */,
				241F22402B03A7AC0051BFFE /* Products */,
			);
			sourceTree = "<group>";
		};
		241F22402B03A7AC0051BFFE /* Products */ = {
			isa = PBXGroup;
			children = (
				241F223F2B03A7AC0051BFFE /* SimpleTodoWithSwiftData.app */,
				241F224F2B03A7AF0051BFFE /* SimpleTodoWithSwiftDataTests.xctest */,
				241F22592B03A7AF0051BFFE /* SimpleTodoWithSwiftDataUITests.xctest */,
			);
			name = Products;
			sourceTree = "<group>";
		};
		241F22412B03A7AC0051BFFE /* SimpleTodoWithSwiftData */ = {
			isa = PBXGroup;
			children = (
				241F226E2B08B1500051BFFE /* Application */,
				241F226C2B03A8780051BFFE /* Todo.swift */,
				241F22442B03A7AC0051BFFE /* TodoListView.swift */,
				241F22722B08BE9E0051BFFE /* AppTabView.swift */,
				241F22742B08BED80051BFFE /* CategoryView.swift */,
				241F22482B03A7AE0051BFFE /* Preview Content */,
			);
			path = SimpleTodoWithSwiftData;
			sourceTree = "<group>";
		};
		241F22482B03A7AE0051BFFE /* Preview Content */ = {
			isa = PBXGroup;
			children = (
				241F22492B03A7AE0051BFFE /* Preview Assets.xcassets */,
			);
			path = "Preview Content";
			sourceTree = "<group>";
		};
		241F22522B03A7AF0051BFFE /* SimpleTodoWithSwiftDataTests */ = {
			isa = PBXGroup;
			children = (
				241F22532B03A7AF0051BFFE /* SimpleTodoWithSwiftDataTests.swift */,
			);
			path = SimpleTodoWithSwiftDataTests;
			sourceTree = "<group>";
		};
		241F225C2B03A7AF0051BFFE /* SimpleTodoWithSwiftDataUITests */ = {
			isa = PBXGroup;
			children = (
				241F225D2B03A7AF0051BFFE /* SimpleTodoWithSwiftDataUITests.swift */,
				241F225F2B03A7AF0051BFFE /* SimpleTodoWithSwiftDataUITestsLaunchTests.swift */,
			);
			path = SimpleTodoWithSwiftDataUITests;
			sourceTree = "<group>";
		};
		241F226E2B08B1500051BFFE /* Application */ = {
			isa = PBXGroup;
			children = (
				241F22422B03A7AC0051BFFE /* SimpleTodoWithSwiftDataApp.swift */,
				241F22462B03A7AE0051BFFE /* Assets.xcassets */,
			);
			path = Application;
			sourceTree = "<group>";
		};
/* End PBXGroup section */

/* Begin PBXNativeTarget section */
		241F223E2B03A7AC0051BFFE /* SimpleTodoWithSwiftData */ = {
			isa = PBXNativeTarget;
			buildConfigurationList = 241F22632B03A7AF0051BFFE /* Build configuration list for PBXNativeTarget "SimpleTodoWithSwiftData" */;
			buildPhases = (
				241F223B2B03A7AC0051BFFE /* Sources */,
				241F223C2B03A7AC0051BFFE /* Frameworks */,
				241F223D2B03A7AC0051BFFE /* Resources */,
			);
			buildRules = (
			);
			dependencies = (
			);
			name = SimpleTodoWithSwiftData;
			productName = SimpleTodoWithSwiftData;
			productReference = 241F223F2B03A7AC0051BFFE /* SimpleTodoWithSwiftData.app */;
			productType = "com.apple.product-type.application";
		};
		241F224E2B03A7AF0051BFFE /* SimpleTodoWithSwiftDataTests */ = {
			isa = PBXNativeTarget;
			buildConfigurationList = 241F22662B03A7AF0051BFFE /* Build configuration list for PBXNativeTarget "SimpleTodoWithSwiftDataTests" */;
			buildPhases = (
				241F224B2B03A7AF0051BFFE /* Sources */,
				241F224C2B03A7AF0051BFFE /* Frameworks */,
				241F224D2B03A7AF0051BFFE /* Resources */,
			);
			buildRules = (
			);
			dependencies = (
				241F22512B03A7AF0051BFFE /* PBXTargetDependency */,
			);
			name = SimpleTodoWithSwiftDataTests;
			productName = SimpleTodoWithSwiftDataTests;
			productReference = 241F224F2B03A7AF0051BFFE /* SimpleTodoWithSwiftDataTests.xctest */;
			productType = "com.apple.product-type.bundle.unit-test";
		};
		241F22582B03A7AF0051BFFE /* SimpleTodoWithSwiftDataUITests */ = {
			isa = PBXNativeTarget;
			buildConfigurationList = 241F22692B03A7AF0051BFFE /* Build configuration list for PBXNativeTarget "SimpleTodoWithSwiftDataUITests" */;
			buildPhases = (
				241F22552B03A7AF0051BFFE /* Sources */,
				241F22562B03A7AF0051BFFE /* Frameworks */,
				241F22572B03A7AF0051BFFE /* Resources */,
			);
			buildRules = (
			);
			dependencies = (
				241F225B2B03A7AF0051BFFE /* PBXTargetDependency */,
			);
			name = SimpleTodoWithSwiftDataUITests;
			productName = SimpleTodoWithSwiftDataUITests;
			productReference = 241F22592B03A7AF0051BFFE /* SimpleTodoWithSwiftDataUITests.xctest */;
			productType = "com.apple.product-type.bundle.ui-testing";
		};
/* End PBXNativeTarget section */

/* Begin PBXProject section */
		241F22372B03A7AC0051BFFE /* Project object */ = {
			isa = PBXProject;
			attributes = {
				BuildIndependentTargetsInParallel = 1;
				LastSwiftUpdateCheck = 1500;
				LastUpgradeCheck = 1500;
				TargetAttributes = {
					241F223E2B03A7AC0051BFFE = {
						CreatedOnToolsVersion = 15.0;
					};
					241F224E2B03A7AF0051BFFE = {
						CreatedOnToolsVersion = 15.0;
						TestTargetID = 241F223E2B03A7AC0051BFFE;
					};
					241F22582B03A7AF0051BFFE = {
						CreatedOnToolsVersion = 15.0;
						TestTargetID = 241F223E2B03A7AC0051BFFE;
					};
				};
			};
			buildConfigurationList = 241F223A2B03A7AC0051BFFE /* Build configuration list for PBXProject "SimpleTodoWithSwiftData" */;
			compatibilityVersion = "Xcode 14.0";
			developmentRegion = en;
			hasScannedForEncodings = 0;
			knownRegions = (
				en,
				Base,
			);
			mainGroup = 241F22362B03A7AC0051BFFE;
			productRefGroup = 241F22402B03A7AC0051BFFE /* Products */;
			projectDirPath = "";
			projectRoot = "";
			targets = (
				241F223E2B03A7AC0051BFFE /* SimpleTodoWithSwiftData */,
				241F224E2B03A7AF0051BFFE /* SimpleTodoWithSwiftDataTests */,
				241F22582B03A7AF0051BFFE /* SimpleTodoWithSwiftDataUITests */,
			);
		};
/* End PBXProject section */

/* Begin PBXResourcesBuildPhase section */
		241F223D2B03A7AC0051BFFE /* Resources */ = {
			isa = PBXResourcesBuildPhase;
			buildActionMask = 2147483647;
			files = (
				241F224A2B03A7AE0051BFFE /* Preview Assets.xcassets in Resources */,
				241F22472B03A7AE0051BFFE /* Assets.xcassets in Resources */,
			);
			runOnlyForDeploymentPostprocessing = 0;
		};
		241F224D2B03A7AF0051BFFE /* Resources */ = {
			isa = PBXResourcesBuildPhase;
			buildActionMask = 2147483647;
			files = (
			);
			runOnlyForDeploymentPostprocessing = 0;
		};
		241F22572B03A7AF0051BFFE /* Resources */ = {
			isa = PBXResourcesBuildPhase;
			buildActionMask = 2147483647;
			files = (
			);
			runOnlyForDeploymentPostprocessing = 0;
		};
/* End PBXResourcesBuildPhase section */

/* Begin PBXSourcesBuildPhase section */
		241F223B2B03A7AC0051BFFE /* Sources */ = {
			isa = PBXSourcesBuildPhase;
			buildActionMask = 2147483647;
			files = (
				241F226D2B03A8780051BFFE /* Todo.swift in Sources */,
				241F22452B03A7AC0051BFFE /* TodoListView.swift in Sources */,
				241F22732B08BE9E0051BFFE /* AppTabView.swift in Sources */,
				241F22432B03A7AC0051BFFE /* SimpleTodoWithSwiftDataApp.swift in Sources */,
				241F22752B08BED80051BFFE /* CategoryView.swift in Sources */,
			);
			runOnlyForDeploymentPostprocessing = 0;
		};
		241F224B2B03A7AF0051BFFE /* Sources */ = {
			isa = PBXSourcesBuildPhase;
			buildActionMask = 2147483647;
			files = (
				241F22542B03A7AF0051BFFE /* SimpleTodoWithSwiftDataTests.swift in Sources */,
			);
			runOnlyForDeploymentPostprocessing = 0;
		};
		241F22552B03A7AF0051BFFE /* Sources */ = {
			isa = PBXSourcesBuildPhase;
			buildActionMask = 2147483647;
			files = (
				241F22602B03A7AF0051BFFE /* SimpleTodoWithSwiftDataUITestsLaunchTests.swift in Sources */,
				241F225E2B03A7AF0051BFFE /* SimpleTodoWithSwiftDataUITests.swift in Sources */,
			);
			runOnlyForDeploymentPostprocessing = 0;
		};
/* End PBXSourcesBuildPhase section */

/* Begin PBXTargetDependency section */
		241F22512B03A7AF0051BFFE /* PBXTargetDependency */ = {
			isa = PBXTargetDependency;
			target = 241F223E2B03A7AC0051BFFE /* SimpleTodoWithSwiftData */;
			targetProxy = 241F22502B03A7AF0051BFFE /* PBXContainerItemProxy */;
		};
		241F225B2B03A7AF0051BFFE /* PBXTargetDependency */ = {
			isa = PBXTargetDependency;
			target = 241F223E2B03A7AC0051BFFE /* SimpleTodoWithSwiftData */;
			targetProxy = 241F225A2B03A7AF0051BFFE /* PBXContainerItemProxy */;
		};
/* End PBXTargetDependency section */

/* Begin XCBuildConfiguration section */
		241F22612B03A7AF0051BFFE /* Debug */ = {
			isa = XCBuildConfiguration;
			buildSettings = {
				ALWAYS_SEARCH_USER_PATHS = NO;
				ASSETCATALOG_COMPILER_GENERATE_SWIFT_ASSET_SYMBOL_EXTENSIONS = YES;
				CLANG_ANALYZER_NONNULL = YES;
				CLANG_ANALYZER_NUMBER_OBJECT_CONVERSION = YES_AGGRESSIVE;
				CLANG_CXX_LANGUAGE_STANDARD = "gnu++20";
				CLANG_ENABLE_MODULES = YES;
				CLANG_ENABLE_OBJC_ARC = YES;
				CLANG_ENABLE_OBJC_WEAK = YES;
				CLANG_WARN_BLOCK_CAPTURE_AUTORELEASING = YES;
				CLANG_WARN_BOOL_CONVERSION = YES;
				CLANG_WARN_COMMA = YES;
				CLANG_WARN_CONSTANT_CONVERSION = YES;
				CLANG_WARN_DEPRECATED_OBJC_IMPLEMENTATIONS = YES;
				CLANG_WARN_DIRECT_OBJC_ISA_USAGE = YES_ERROR;
				CLANG_WARN_DOCUMENTATION_COMMENTS = YES;
				CLANG_WARN_EMPTY_BODY = YES;
				CLANG_WARN_ENUM_CONVERSION = YES;
				CLANG_WARN_INFINITE_RECURSION = YES;
				CLANG_WARN_INT_CONVERSION = YES;
				CLANG_WARN_NON_LITERAL_NULL_CONVERSION = YES;
				CLANG_WARN_OBJC_IMPLICIT_RETAIN_SELF = YES;
				CLANG_WARN_OBJC_LITERAL_CONVERSION = YES;
				CLANG_WARN_OBJC_ROOT_CLASS = YES_ERROR;
				CLANG_WARN_QUOTED_INCLUDE_IN_FRAMEWORK_HEADER = YES;
				CLANG_WARN_RANGE_LOOP_ANALYSIS = YES;
				CLANG_WARN_STRICT_PROTOTYPES = YES;
				CLANG_WARN_SUSPICIOUS_MOVE = YES;
				CLANG_WARN_UNGUARDED_AVAILABILITY = YES_AGGRESSIVE;
				CLANG_WARN_UNREACHABLE_CODE = YES;
				CLANG_WARN__DUPLICATE_METHOD_MATCH = YES;
				COPY_PHASE_STRIP = NO;
				DEBUG_INFORMATION_FORMAT = dwarf;
				ENABLE_STRICT_OBJC_MSGSEND = YES;
				ENABLE_TESTABILITY = YES;
				ENABLE_USER_SCRIPT_SANDBOXING = YES;
				GCC_C_LANGUAGE_STANDARD = gnu17;
				GCC_DYNAMIC_NO_PIC = NO;
				GCC_NO_COMMON_BLOCKS = YES;
				GCC_OPTIMIZATION_LEVEL = 0;
				GCC_PREPROCESSOR_DEFINITIONS = (
					"DEBUG=1",
					"$(inherited)",
				);
				GCC_WARN_64_TO_32_BIT_CONVERSION = YES;
				GCC_WARN_ABOUT_RETURN_TYPE = YES_ERROR;
				GCC_WARN_UNDECLARED_SELECTOR = YES;
				GCC_WARN_UNINITIALIZED_AUTOS = YES_AGGRESSIVE;
				GCC_WARN_UNUSED_FUNCTION = YES;
				GCC_WARN_UNUSED_VARIABLE = YES;
				IPHONEOS_DEPLOYMENT_TARGET = 17.0;
				LOCALIZATION_PREFERS_STRING_CATALOGS = YES;
				MTL_ENABLE_DEBUG_INFO = INCLUDE_SOURCE;
				MTL_FAST_MATH = YES;
				ONLY_ACTIVE_ARCH = YES;
				SDKROOT = iphoneos;
				SWIFT_ACTIVE_COMPILATION_CONDITIONS = "DEBUG $(inherited)";
				SWIFT_OPTIMIZATION_LEVEL = "-Onone";
			};
			name = Debug;
		};
		241F22622B03A7AF0051BFFE /* Release */ = {
			isa = XCBuildConfiguration;
			buildSettings = {
				ALWAYS_SEARCH_USER_PATHS = NO;
				ASSETCATALOG_COMPILER_GENERATE_SWIFT_ASSET_SYMBOL_EXTENSIONS = YES;
				CLANG_ANALYZER_NONNULL = YES;
				CLANG_ANALYZER_NUMBER_OBJECT_CONVERSION = YES_AGGRESSIVE;
				CLANG_CXX_LANGUAGE_STANDARD = "gnu++20";
				CLANG_ENABLE_MODULES = YES;
				CLANG_ENABLE_OBJC_ARC = YES;
				CLANG_ENABLE_OBJC_WEAK = YES;
				CLANG_WARN_BLOCK_CAPTURE_AUTORELEASING = YES;
				CLANG_WARN_BOOL_CONVERSION = YES;
				CLANG_WARN_COMMA = YES;
				CLANG_WARN_CONSTANT_CONVERSION = YES;
				CLANG_WARN_DEPRECATED_OBJC_IMPLEMENTATIONS = YES;
				CLANG_WARN_DIRECT_OBJC_ISA_USAGE = YES_ERROR;
				CLANG_WARN_DOCUMENTATION_COMMENTS = YES;
				CLANG_WARN_EMPTY_BODY = YES;
				CLANG_WARN_ENUM_CONVERSION = YES;
				CLANG_WARN_INFINITE_RECURSION = YES;
				CLANG_WARN_INT_CONVERSION = YES;
				CLANG_WARN_NON_LITERAL_NULL_CONVERSION = YES;
				CLANG_WARN_OBJC_IMPLICIT_RETAIN_SELF = YES;
				CLANG_WARN_OBJC_LITERAL_CONVERSION = YES;
				CLANG_WARN_OBJC_ROOT_CLASS = YES_ERROR;
				CLANG_WARN_QUOTED_INCLUDE_IN_FRAMEWORK_HEADER = YES;
				CLANG_WARN_RANGE_LOOP_ANALYSIS = YES;
				CLANG_WARN_STRICT_PROTOTYPES = YES;
				CLANG_WARN_SUSPICIOUS_MOVE = YES;
				CLANG_WARN_UNGUARDED_AVAILABILITY = YES_AGGRESSIVE;
				CLANG_WARN_UNREACHABLE_CODE = YES;
				CLANG_WARN__DUPLICATE_METHOD_MATCH = YES;
				COPY_PHASE_STRIP = NO;
				DEBUG_INFORMATION_FORMAT = "dwarf-with-dsym";
				ENABLE_NS_ASSERTIONS = NO;
				ENABLE_STRICT_OBJC_MSGSEND = YES;
				ENABLE_USER_SCRIPT_SANDBOXING = YES;
				GCC_C_LANGUAGE_STANDARD = gnu17;
				GCC_NO_COMMON_BLOCKS = YES;
				GCC_WARN_64_TO_32_BIT_CONVERSION = YES;
				GCC_WARN_ABOUT_RETURN_TYPE = YES_ERROR;
				GCC_WARN_UNDECLARED_SELECTOR = YES;
				GCC_WARN_UNINITIALIZED_AUTOS = YES_AGGRESSIVE;
				GCC_WARN_UNUSED_FUNCTION = YES;
				GCC_WARN_UNUSED_VARIABLE = YES;
				IPHONEOS_DEPLOYMENT_TARGET = 17.0;
				LOCALIZATION_PREFERS_STRING_CATALOGS = YES;
				MTL_ENABLE_DEBUG_INFO = NO;
				MTL_FAST_MATH = YES;
				SDKROOT = iphoneos;
				SWIFT_COMPILATION_MODE = wholemodule;
				VALIDATE_PRODUCT = YES;
			};
			name = Release;
		};
		241F22642B03A7AF0051BFFE /* Debug */ = {
			isa = XCBuildConfiguration;
			buildSettings = {
				ASSETCATALOG_COMPILER_APPICON_NAME = AppIcon;
				ASSETCATALOG_COMPILER_GLOBAL_ACCENT_COLOR_NAME = AccentColor;
				CODE_SIGN_STYLE = Automatic;
				CURRENT_PROJECT_VERSION = 1;
				DEVELOPMENT_ASSET_PATHS = "\"SimpleTodoWithSwiftData/Preview Content\"";
				DEVELOPMENT_TEAM = P6K8M6RQ2W;
				ENABLE_PREVIEWS = YES;
				GENERATE_INFOPLIST_FILE = YES;
				INFOPLIST_KEY_UIApplicationSceneManifest_Generation = YES;
				INFOPLIST_KEY_UIApplicationSupportsIndirectInputEvents = YES;
				INFOPLIST_KEY_UILaunchScreen_Generation = YES;
				INFOPLIST_KEY_UISupportedInterfaceOrientations_iPad = "UIInterfaceOrientationPortrait UIInterfaceOrientationPortraitUpsideDown UIInterfaceOrientationLandscapeLeft UIInterfaceOrientationLandscapeRight";
				INFOPLIST_KEY_UISupportedInterfaceOrientations_iPhone = "UIInterfaceOrientationPortrait UIInterfaceOrientationLandscapeLeft UIInterfaceOrientationLandscapeRight";
				LD_RUNPATH_SEARCH_PATHS = (
					"$(inherited)",
					"@executable_path/Frameworks",
				);
				MARKETING_VERSION = 1.0;
				PRODUCT_BUNDLE_IDENTIFIER = com.r.t.astronomy.SimpleTodoWithSwiftData;
				PRODUCT_NAME = "$(TARGET_NAME)";
				SWIFT_EMIT_LOC_STRINGS = YES;
				SWIFT_VERSION = 5.0;
				TARGETED_DEVICE_FAMILY = "1,2";
			};
			name = Debug;
		};
		241F22652B03A7AF0051BFFE /* Release */ = {
			isa = XCBuildConfiguration;
			buildSettings = {
				ASSETCATALOG_COMPILER_APPICON_NAME = AppIcon;
				ASSETCATALOG_COMPILER_GLOBAL_ACCENT_COLOR_NAME = AccentColor;
				CODE_SIGN_STYLE = Automatic;
				CURRENT_PROJECT_VERSION = 1;
				DEVELOPMENT_ASSET_PATHS = "\"SimpleTodoWithSwiftData/Preview Content\"";
				DEVELOPMENT_TEAM = P6K8M6RQ2W;
				ENABLE_PREVIEWS = YES;
				GENERATE_INFOPLIST_FILE = YES;
				INFOPLIST_KEY_UIApplicationSceneManifest_Generation = YES;
				INFOPLIST_KEY_UIApplicationSupportsIndirectInputEvents = YES;
				INFOPLIST_KEY_UILaunchScreen_Generation = YES;
				INFOPLIST_KEY_UISupportedInterfaceOrientations_iPad = "UIInterfaceOrientationPortrait UIInterfaceOrientationPortraitUpsideDown UIInterfaceOrientationLandscapeLeft UIInterfaceOrientationLandscapeRight";
				INFOPLIST_KEY_UISupportedInterfaceOrientations_iPhone = "UIInterfaceOrientationPortrait UIInterfaceOrientationLandscapeLeft UIInterfaceOrientationLandscapeRight";
				LD_RUNPATH_SEARCH_PATHS = (
					"$(inherited)",
					"@executable_path/Frameworks",
				);
				MARKETING_VERSION = 1.0;
				PRODUCT_BUNDLE_IDENTIFIER = com.r.t.astronomy.SimpleTodoWithSwiftData;
				PRODUCT_NAME = "$(TARGET_NAME)";
				SWIFT_EMIT_LOC_STRINGS = YES;
				SWIFT_VERSION = 5.0;
				TARGETED_DEVICE_FAMILY = "1,2";
			};
			name = Release;
		};
		241F22672B03A7AF0051BFFE /* Debug */ = {
			isa = XCBuildConfiguration;
			buildSettings = {
				ALWAYS_EMBED_SWIFT_STANDARD_LIBRARIES = YES;
				BUNDLE_LOADER = "$(TEST_HOST)";
				CODE_SIGN_STYLE = Automatic;
				CURRENT_PROJECT_VERSION = 1;
				DEVELOPMENT_TEAM = P6K8M6RQ2W;
				GENERATE_INFOPLIST_FILE = YES;
				IPHONEOS_DEPLOYMENT_TARGET = 17.0;
				MARKETING_VERSION = 1.0;
				PRODUCT_BUNDLE_IDENTIFIER = com.r.t.astronomy.SimpleTodoWithSwiftDataTests;
				PRODUCT_NAME = "$(TARGET_NAME)";
				SWIFT_EMIT_LOC_STRINGS = NO;
				SWIFT_VERSION = 5.0;
				TARGETED_DEVICE_FAMILY = "1,2";
				TEST_HOST = "$(BUILT_PRODUCTS_DIR)/SimpleTodoWithSwiftData.app/$(BUNDLE_EXECUTABLE_FOLDER_PATH)/SimpleTodoWithSwiftData";
			};
			name = Debug;
		};
		241F22682B03A7AF0051BFFE /* Release */ = {
			isa = XCBuildConfiguration;
			buildSettings = {
				ALWAYS_EMBED_SWIFT_STANDARD_LIBRARIES = YES;
				BUNDLE_LOADER = "$(TEST_HOST)";
				CODE_SIGN_STYLE = Automatic;
				CURRENT_PROJECT_VERSION = 1;
				DEVELOPMENT_TEAM = P6K8M6RQ2W;
				GENERATE_INFOPLIST_FILE = YES;
				IPHONEOS_DEPLOYMENT_TARGET = 17.0;
				MARKETING_VERSION = 1.0;
				PRODUCT_BUNDLE_IDENTIFIER = com.r.t.astronomy.SimpleTodoWithSwiftDataTests;
				PRODUCT_NAME = "$(TARGET_NAME)";
				SWIFT_EMIT_LOC_STRINGS = NO;
				SWIFT_VERSION = 5.0;
				TARGETED_DEVICE_FAMILY = "1,2";
				TEST_HOST = "$(BUILT_PRODUCTS_DIR)/SimpleTodoWithSwiftData.app/$(BUNDLE_EXECUTABLE_FOLDER_PATH)/SimpleTodoWithSwiftData";
			};
			name = Release;
		};
		241F226A2B03A7AF0051BFFE /* Debug */ = {
			isa = XCBuildConfiguration;
			buildSettings = {
				ALWAYS_EMBED_SWIFT_STANDARD_LIBRARIES = YES;
				CODE_SIGN_STYLE = Automatic;
				CURRENT_PROJECT_VERSION = 1;
				DEVELOPMENT_TEAM = P6K8M6RQ2W;
				GENERATE_INFOPLIST_FILE = YES;
				MARKETING_VERSION = 1.0;
				PRODUCT_BUNDLE_IDENTIFIER = com.r.t.astronomy.SimpleTodoWithSwiftDataUITests;
				PRODUCT_NAME = "$(TARGET_NAME)";
				SWIFT_EMIT_LOC_STRINGS = NO;
				SWIFT_VERSION = 5.0;
				TARGETED_DEVICE_FAMILY = "1,2";
				TEST_TARGET_NAME = SimpleTodoWithSwiftData;
			};
			name = Debug;
		};
		241F226B2B03A7AF0051BFFE /* Release */ = {
			isa = XCBuildConfiguration;
			buildSettings = {
				ALWAYS_EMBED_SWIFT_STANDARD_LIBRARIES = YES;
				CODE_SIGN_STYLE = Automatic;
				CURRENT_PROJECT_VERSION = 1;
				DEVELOPMENT_TEAM = P6K8M6RQ2W;
				GENERATE_INFOPLIST_FILE = YES;
				MARKETING_VERSION = 1.0;
				PRODUCT_BUNDLE_IDENTIFIER = com.r.t.astronomy.SimpleTodoWithSwiftDataUITests;
				PRODUCT_NAME = "$(TARGET_NAME)";
				SWIFT_EMIT_LOC_STRINGS = NO;
				SWIFT_VERSION = 5.0;
				TARGETED_DEVICE_FAMILY = "1,2";
				TEST_TARGET_NAME = SimpleTodoWithSwiftData;
			};
			name = Release;
		};
/* End XCBuildConfiguration section */

/* Begin XCConfigurationList section */
		241F223A2B03A7AC0051BFFE /* Build configuration list for PBXProject "SimpleTodoWithSwiftData" */ = {
			isa = XCConfigurationList;
			buildConfigurations = (
				241F22612B03A7AF0051BFFE /* Debug */,
				241F22622B03A7AF0051BFFE /* Release */,
			);
			defaultConfigurationIsVisible = 0;
			defaultConfigurationName = Release;
		};
		241F22632B03A7AF0051BFFE /* Build configuration list for PBXNativeTarget "SimpleTodoWithSwiftData" */ = {
			isa = XCConfigurationList;
			buildConfigurations = (
				241F22642B03A7AF0051BFFE /* Debug */,
				241F22652B03A7AF0051BFFE /* Release */,
			);
			defaultConfigurationIsVisible = 0;
			defaultConfigurationName = Release;
		};
		241F22662B03A7AF0051BFFE /* Build configuration list for PBXNativeTarget "SimpleTodoWithSwiftDataTests" */ = {
			isa = XCConfigurationList;
			buildConfigurations = (
				241F22672B03A7AF0051BFFE /* Debug */,
				241F22682B03A7AF0051BFFE /* Release */,
			);
			defaultConfigurationIsVisible = 0;
			defaultConfigurationName = Release;
		};
		241F22692B03A7AF0051BFFE /* Build configuration list for PBXNativeTarget "SimpleTodoWithSwiftDataUITests" */ = {
			isa = XCConfigurationList;
			buildConfigurations = (
				241F226A2B03A7AF0051BFFE /* Debug */,
				241F226B2B03A7AF0051BFFE /* Release */,
			);
			defaultConfigurationIsVisible = 0;
			defaultConfigurationName = Release;
		};
/* End XCConfigurationList section */
	};
	rootObject = 241F22372B03A7AC0051BFFE /* Project object */;
}
